
Microsoft Visual Studio Solution File, Format Version 12.00
# Visual Studio 15
VisualStudioVersion = 15.0.27703.2047
MinimumVisualStudioVersion = 10.0.40219.1
Project("{FAE04EC0-301F-11D3-BF4B-00C04F79EFBC}") = "Sales.Android", "Sales\Sales.Android\Sales.Android.csproj", "{897E9642-8E9A-4DAA-ADC9-EC172B79DC48}"
EndProject
Project("{FAE04EC0-301F-11D3-BF4B-00C04F79EFBC}") = "Sales.iOS", "Sales\Sales.iOS\Sales.iOS.csproj", "{EDE03832-946A-4126-B552-FE0FAA037A1B}"
EndProject
Project("{9A19103F-16F7-4668-BE54-9A1E7A4F7556}") = "Sales", "Sales\Sales\Sales.csproj", "{33ADAA64-A132-480D-9D7F-5956D1E8EB65}"
EndProject
Project("{FAE04EC0-301F-11D3-BF4B-00C04F79EFBC}") = "Sales.Backend", "Sales.Backend\Sales.Backend.csproj", "{F3D0E048-2843-47E0-9C1D-727B3D5325B0}"
EndProject
Project("{FAE04EC0-301F-11D3-BF4B-00C04F79EFBC}") = "Sales.API", "Sales.API\Sales.API.csproj", "{DA981965-4DAA-4897-B27E-85917BF9139B}"
EndProject
Project("{FAE04EC0-301F-11D3-BF4B-00C04F79EFBC}") = "Sales.Domain", "Sales.Domain\Sales.Domain.csproj", "{69896241-464F-4350-80D6-5891829B2F0A}"
EndProject
Project("{FAE04EC0-301F-11D3-BF4B-00C04F79EFBC}") = "Sales.Common", "Sales.Common\Sales.Common.csproj", "{848DA0D4-EF4F-4C25-9553-D7E9727E7778}"
EndProject
Global
	GlobalSection(SolutionConfigurationPlatforms) = preSolution
		Ad-Hoc|Any CPU = Ad-Hoc|Any CPU
		Ad-Hoc|ARM = Ad-Hoc|ARM
		Ad-Hoc|iPhone = Ad-Hoc|iPhone
		Ad-Hoc|iPhoneSimulator = Ad-Hoc|iPhoneSimulator
		Ad-Hoc|x64 = Ad-Hoc|x64
		Ad-Hoc|x86 = Ad-Hoc|x86
		AppStore|Any CPU = AppStore|Any CPU
		AppStore|ARM = AppStore|ARM
		AppStore|iPhone = AppStore|iPhone
		AppStore|iPhoneSimulator = AppStore|iPhoneSimulator
		AppStore|x64 = AppStore|x64
		AppStore|x86 = AppStore|x86
		Debug|Any CPU = Debug|Any CPU
		Debug|ARM = Debug|ARM
		Debug|iPhone = Debug|iPhone
		Debug|iPhoneSimulator = Debug|iPhoneSimulator
		Debug|x64 = Debug|x64
		Debug|x86 = Debug|x86
		Release|Any CPU = Release|Any CPU
		Release|ARM = Release|ARM
		Release|iPhone = Release|iPhone
		Release|iPhoneSimulator = Release|iPhoneSimulator
		Release|x64 = Release|x64
		Release|x86 = Release|x86
	EndGlobalSection
	GlobalSection(ProjectConfigurationPlatforms) = postSolution
		{897E9642-8E9A-4DAA-ADC9-EC172B79DC48}.Ad-Hoc|Any CPU.ActiveCfg = Release|Any CPU
		{897E9642-8E9A-4DAA-ADC9-EC172B79DC48}.Ad-Hoc|Any CPU.Build.0 = Release|Any CPU
		{897E9642-8E9A-4DAA-ADC9-EC172B79DC48}.Ad-Hoc|Any CPU.Deploy.0 = Release|Any CPU
		{897E9642-8E9A-4DAA-ADC9-EC172B79DC48}.Ad-Hoc|ARM.ActiveCfg = Release|Any CPU
		{897E9642-8E9A-4DAA-ADC9-EC172B79DC48}.Ad-Hoc|ARM.Build.0 = Release|Any CPU
		{897E9642-8E9A-4DAA-ADC9-EC172B79DC48}.Ad-Hoc|ARM.Deploy.0 = Release|Any CPU
		{897E9642-8E9A-4DAA-ADC9-EC172B79DC48}.Ad-Hoc|iPhone.ActiveCfg = Release|Any CPU
		{897E9642-8E9A-4DAA-ADC9-EC172B79DC48}.Ad-Hoc|iPhone.Build.0 = Release|Any CPU
		{897E9642-8E9A-4DAA-ADC9-EC172B79DC48}.Ad-Hoc|iPhone.Deploy.0 = Release|Any CPU
		{897E9642-8E9A-4DAA-ADC9-EC172B79DC48}.Ad-Hoc|iPhoneSimulator.ActiveCfg = Release|Any CPU
		{897E9642-8E9A-4DAA-ADC9-EC172B79DC48}.Ad-Hoc|iPhoneSimulator.Build.0 = Release|Any CPU
		{897E9642-8E9A-4DAA-ADC9-EC172B79DC48}.Ad-Hoc|iPhoneSimulator.Deploy.0 = Release|Any CPU
		{897E9642-8E9A-4DAA-ADC9-EC172B79DC48}.Ad-Hoc|x64.ActiveCfg = Release|Any CPU
		{897E9642-8E9A-4DAA-ADC9-EC172B79DC48}.Ad-Hoc|x64.Build.0 = Release|Any CPU
		{897E9642-8E9A-4DAA-ADC9-EC172B79DC48}.Ad-Hoc|x64.Deploy.0 = Release|Any CPU
		{897E9642-8E9A-4DAA-ADC9-EC172B79DC48}.Ad-Hoc|x86.ActiveCfg = Release|Any CPU
		{897E9642-8E9A-4DAA-ADC9-EC172B79DC48}.Ad-Hoc|x86.Build.0 = Release|Any CPU
		{897E9642-8E9A-4DAA-ADC9-EC172B79DC48}.Ad-Hoc|x86.Deploy.0 = Release|Any CPU
		{897E9642-8E9A-4DAA-ADC9-EC172B79DC48}.AppStore|Any CPU.ActiveCfg = Release|Any CPU
		{897E9642-8E9A-4DAA-ADC9-EC172B79DC48}.AppStore|Any CPU.Build.0 = Release|Any CPU
		{897E9642-8E9A-4DAA-ADC9-EC172B79DC48}.AppStore|Any CPU.Deploy.0 = Release|Any CPU
		{897E9642-8E9A-4DAA-ADC9-EC172B79DC48}.AppStore|ARM.ActiveCfg = Release|Any CPU
		{897E9642-8E9A-4DAA-ADC9-EC172B79DC48}.AppStore|ARM.Build.0 = Release|Any CPU
		{897E9642-8E9A-4DAA-ADC9-EC172B79DC48}.AppStore|ARM.Deploy.0 = Release|Any CPU
		{897E9642-8E9A-4DAA-ADC9-EC172B79DC48}.AppStore|iPhone.ActiveCfg = Release|Any CPU
		{897E9642-8E9A-4DAA-ADC9-EC172B79DC48}.AppStore|iPhone.Build.0 = Release|Any CPU
		{897E9642-8E9A-4DAA-ADC9-EC172B79DC48}.AppStore|iPhone.Deploy.0 = Release|Any CPU
		{897E9642-8E9A-4DAA-ADC9-EC172B79DC48}.AppStore|iPhoneSimulator.ActiveCfg = Release|Any CPU
		{897E9642-8E9A-4DAA-ADC9-EC172B79DC48}.AppStore|iPhoneSimulator.Build.0 = Release|Any CPU
		{897E9642-8E9A-4DAA-ADC9-EC172B79DC48}.AppStore|iPhoneSimulator.Deploy.0 = Release|Any CPU
		{897E9642-8E9A-4DAA-ADC9-EC172B79DC48}.AppStore|x64.ActiveCfg = Release|Any CPU
		{897E9642-8E9A-4DAA-ADC9-EC172B79DC48}.AppStore|x64.Build.0 = Release|Any CPU
		{897E9642-8E9A-4DAA-ADC9-EC172B79DC48}.AppStore|x64.Deploy.0 = Release|Any CPU
		{897E9642-8E9A-4DAA-ADC9-EC172B79DC48}.AppStore|x86.ActiveCfg = Release|Any CPU
		{897E9642-8E9A-4DAA-ADC9-EC172B79DC48}.AppStore|x86.Build.0 = Release|Any CPU
		{897E9642-8E9A-4DAA-ADC9-EC172B79DC48}.AppStore|x86.Deploy.0 = Release|Any CPU
		{897E9642-8E9A-4DAA-ADC9-EC172B79DC48}.Debug|Any CPU.ActiveCfg = Debug|Any CPU
		{897E9642-8E9A-4DAA-ADC9-EC172B79DC48}.Debug|Any CPU.Build.0 = Debug|Any CPU
		{897E9642-8E9A-4DAA-ADC9-EC172B79DC48}.Debug|Any CPU.Deploy.0 = Debug|Any CPU
		{897E9642-8E9A-4DAA-ADC9-EC172B79DC48}.Debug|ARM.ActiveCfg = Debug|Any CPU
		{897E9642-8E9A-4DAA-ADC9-EC172B79DC48}.Debug|ARM.Build.0 = Debug|Any CPU
		{897E9642-8E9A-4DAA-ADC9-EC172B79DC48}.Debug|ARM.Deploy.0 = Debug|Any CPU
		{897E9642-8E9A-4DAA-ADC9-EC172B79DC48}.Debug|iPhone.ActiveCfg = Debug|Any CPU
		{897E9642-8E9A-4DAA-ADC9-EC172B79DC48}.Debug|iPhone.Build.0 = Debug|Any CPU
		{897E9642-8E9A-4DAA-ADC9-EC172B79DC48}.Debug|iPhone.Deploy.0 = Debug|Any CPU
		{897E9642-8E9A-4DAA-ADC9-EC172B79DC48}.Debug|iPhoneSimulator.ActiveCfg = Debug|Any CPU
		{897E9642-8E9A-4DAA-ADC9-EC172B79DC48}.Debug|iPhoneSimulator.Build.0 = Debug|Any CPU
		{897E9642-8E9A-4DAA-ADC9-EC172B79DC48}.Debug|iPhoneSimulator.Deploy.0 = Debug|Any CPU
		{897E9642-8E9A-4DAA-ADC9-EC172B79DC48}.Debug|x64.ActiveCfg = Debug|Any CPU
		{897E9642-8E9A-4DAA-ADC9-EC172B79DC48}.Debug|x64.Build.0 = Debug|Any CPU
		{897E9642-8E9A-4DAA-ADC9-EC172B79DC48}.Debug|x64.Deploy.0 = Debug|Any CPU
		{897E9642-8E9A-4DAA-ADC9-EC172B79DC48}.Debug|x86.ActiveCfg = Debug|Any CPU
		{897E9642-8E9A-4DAA-ADC9-EC172B79DC48}.Debug|x86.Build.0 = Debug|Any CPU
		{897E9642-8E9A-4DAA-ADC9-EC172B79DC48}.Debug|x86.Deploy.0 = Debug|Any CPU
		{897E9642-8E9A-4DAA-ADC9-EC172B79DC48}.Release|Any CPU.ActiveCfg = Release|Any CPU
		{897E9642-8E9A-4DAA-ADC9-EC172B79DC48}.Release|Any CPU.Build.0 = Release|Any CPU
		{897E9642-8E9A-4DAA-ADC9-EC172B79DC48}.Release|Any CPU.Deploy.0 = Release|Any CPU
		{897E9642-8E9A-4DAA-ADC9-EC172B79DC48}.Release|ARM.ActiveCfg = Release|Any CPU
		{897E9642-8E9A-4DAA-ADC9-EC172B79DC48}.Release|ARM.Build.0 = Release|Any CPU
		{897E9642-8E9A-4DAA-ADC9-EC172B79DC48}.Release|ARM.Deploy.0 = Release|Any CPU
		{897E9642-8E9A-4DAA-ADC9-EC172B79DC48}.Release|iPhone.ActiveCfg = Release|Any CPU
		{897E9642-8E9A-4DAA-ADC9-EC172B79DC48}.Release|iPhone.Build.0 = Release|Any CPU
		{897E9642-8E9A-4DAA-ADC9-EC172B79DC48}.Release|iPhone.Deploy.0 = Release|Any CPU
		{897E9642-8E9A-4DAA-ADC9-EC172B79DC48}.Release|iPhoneSimulator.ActiveCfg = Release|Any CPU
		{897E9642-8E9A-4DAA-ADC9-EC172B79DC48}.Release|iPhoneSimulator.Build.0 = Release|Any CPU
		{897E9642-8E9A-4DAA-ADC9-EC172B79DC48}.Release|iPhoneSimulator.Deploy.0 = Release|Any CPU
		{897E9642-8E9A-4DAA-ADC9-EC172B79DC48}.Release|x64.ActiveCfg = Release|Any CPU
		{897E9642-8E9A-4DAA-ADC9-EC172B79DC48}.Release|x64.Build.0 = Release|Any CPU
		{897E9642-8E9A-4DAA-ADC9-EC172B79DC48}.Release|x64.Deploy.0 = Release|Any CPU
		{897E9642-8E9A-4DAA-ADC9-EC172B79DC48}.Release|x86.ActiveCfg = Release|Any CPU
		{897E9642-8E9A-4DAA-ADC9-EC172B79DC48}.Release|x86.Build.0 = Release|Any CPU
		{897E9642-8E9A-4DAA-ADC9-EC172B79DC48}.Release|x86.Deploy.0 = Release|Any CPU
		{EDE03832-946A-4126-B552-FE0FAA037A1B}.Ad-Hoc|Any CPU.ActiveCfg = Ad-Hoc|iPhone
		{EDE03832-946A-4126-B552-FE0FAA037A1B}.Ad-Hoc|Any CPU.Build.0 = Ad-Hoc|iPhone
		{EDE03832-946A-4126-B552-FE0FAA037A1B}.Ad-Hoc|Any CPU.Deploy.0 = Ad-Hoc|iPhone
		{EDE03832-946A-4126-B552-FE0FAA037A1B}.Ad-Hoc|ARM.ActiveCfg = Ad-Hoc|iPhone
		{EDE03832-946A-4126-B552-FE0FAA037A1B}.Ad-Hoc|ARM.Build.0 = Ad-Hoc|iPhone
		{EDE03832-946A-4126-B552-FE0FAA037A1B}.Ad-Hoc|ARM.Deploy.0 = Ad-Hoc|iPhone
		{EDE03832-946A-4126-B552-FE0FAA037A1B}.Ad-Hoc|iPhone.ActiveCfg = Ad-Hoc|iPhone
		{EDE03832-946A-4126-B552-FE0FAA037A1B}.Ad-Hoc|iPhone.Build.0 = Ad-Hoc|iPhone
		{EDE03832-946A-4126-B552-FE0FAA037A1B}.Ad-Hoc|iPhone.Deploy.0 = Ad-Hoc|iPhone
		{EDE03832-946A-4126-B552-FE0FAA037A1B}.Ad-Hoc|iPhoneSimulator.ActiveCfg = Ad-Hoc|iPhoneSimulator
		{EDE03832-946A-4126-B552-FE0FAA037A1B}.Ad-Hoc|iPhoneSimulator.Build.0 = Ad-Hoc|iPhoneSimulator
		{EDE03832-946A-4126-B552-FE0FAA037A1B}.Ad-Hoc|iPhoneSimulator.Deploy.0 = Ad-Hoc|iPhoneSimulator
		{EDE03832-946A-4126-B552-FE0FAA037A1B}.Ad-Hoc|x64.ActiveCfg = Ad-Hoc|iPhone
		{EDE03832-946A-4126-B552-FE0FAA037A1B}.Ad-Hoc|x64.Build.0 = Ad-Hoc|iPhone
		{EDE03832-946A-4126-B552-FE0FAA037A1B}.Ad-Hoc|x64.Deploy.0 = Ad-Hoc|iPhone
		{EDE03832-946A-4126-B552-FE0FAA037A1B}.Ad-Hoc|x86.ActiveCfg = Ad-Hoc|iPhone
		{EDE03832-946A-4126-B552-FE0FAA037A1B}.Ad-Hoc|x86.Build.0 = Ad-Hoc|iPhone
		{EDE03832-946A-4126-B552-FE0FAA037A1B}.Ad-Hoc|x86.Deploy.0 = Ad-Hoc|iPhone
		{EDE03832-946A-4126-B552-FE0FAA037A1B}.AppStore|Any CPU.ActiveCfg = AppStore|iPhone
		{EDE03832-946A-4126-B552-FE0FAA037A1B}.AppStore|Any CPU.Build.0 = AppStore|iPhone
		{EDE03832-946A-4126-B552-FE0FAA037A1B}.AppStore|Any CPU.Deploy.0 = AppStore|iPhone
		{EDE03832-946A-4126-B552-FE0FAA037A1B}.AppStore|ARM.ActiveCfg = AppStore|iPhone
		{EDE03832-946A-4126-B552-FE0FAA037A1B}.AppStore|ARM.Build.0 = AppStore|iPhone
		{EDE03832-946A-4126-B552-FE0FAA037A1B}.AppStore|ARM.Deploy.0 = AppStore|iPhone
		{EDE03832-946A-4126-B552-FE0FAA037A1B}.AppStore|iPhone.ActiveCfg = AppStore|iPhone
		{EDE03832-946A-4126-B552-FE0FAA037A1B}.AppStore|iPhone.Build.0 = AppStore|iPhone
		{EDE03832-946A-4126-B552-FE0FAA037A1B}.AppStore|iPhone.Deploy.0 = AppStore|iPhone
		{EDE03832-946A-4126-B552-FE0FAA037A1B}.AppStore|iPhoneSimulator.ActiveCfg = AppStore|iPhoneSimulator
		{EDE03832-946A-4126-B552-FE0FAA037A1B}.AppStore|iPhoneSimulator.Build.0 = AppStore|iPhoneSimulator
		{EDE03832-946A-4126-B552-FE0FAA037A1B}.AppStore|iPhoneSimulator.Deploy.0 = AppStore|iPhoneSimulator
		{EDE03832-946A-4126-B552-FE0FAA037A1B}.AppStore|x64.ActiveCfg = AppStore|iPhone
		{EDE03832-946A-4126-B552-FE0FAA037A1B}.AppStore|x64.Build.0 = AppStore|iPhone
		{EDE03832-946A-4126-B552-FE0FAA037A1B}.AppStore|x64.Deploy.0 = AppStore|iPhone
		{EDE03832-946A-4126-B552-FE0FAA037A1B}.AppStore|x86.ActiveCfg = AppStore|iPhone
		{EDE03832-946A-4126-B552-FE0FAA037A1B}.AppStore|x86.Build.0 = AppStore|iPhone
		{EDE03832-946A-4126-B552-FE0FAA037A1B}.AppStore|x86.Deploy.0 = AppStore|iPhone
		{EDE03832-946A-4126-B552-FE0FAA037A1B}.Debug|Any CPU.ActiveCfg = Debug|iPhoneSimulator
		{EDE03832-946A-4126-B552-FE0FAA037A1B}.Debug|Any CPU.Build.0 = Debug|iPhoneSimulator
		{EDE03832-946A-4126-B552-FE0FAA037A1B}.Debug|Any CPU.Deploy.0 = Debug|iPhoneSimulator
		{EDE03832-946A-4126-B552-FE0FAA037A1B}.Debug|ARM.ActiveCfg = Debug|iPhone
		{EDE03832-946A-4126-B552-FE0FAA037A1B}.Debug|ARM.Build.0 = Debug|iPhone
		{EDE03832-946A-4126-B552-FE0FAA037A1B}.Debug|ARM.Deploy.0 = Debug|iPhone
		{EDE03832-946A-4126-B552-FE0FAA037A1B}.Debug|iPhone.ActiveCfg = Debug|iPhone
		{EDE03832-946A-4126-B552-FE0FAA037A1B}.Debug|iPhone.Build.0 = Debug|iPhone
		{EDE03832-946A-4126-B552-FE0FAA037A1B}.Debug|iPhone.Deploy.0 = Debug|iPhone
		{EDE03832-946A-4126-B552-FE0FAA037A1B}.Debug|iPhoneSimulator.ActiveCfg = Debug|iPhoneSimulator
		{EDE03832-946A-4126-B552-FE0FAA037A1B}.Debug|iPhoneSimulator.Build.0 = Debug|iPhoneSimulator
		{EDE03832-946A-4126-B552-FE0FAA037A1B}.Debug|iPhoneSimulator.Deploy.0 = Debug|iPhoneSimulator
		{EDE03832-946A-4126-B552-FE0FAA037A1B}.Debug|x64.ActiveCfg = Debug|iPhone
		{EDE03832-946A-4126-B552-FE0FAA037A1B}.Debug|x64.Build.0 = Debug|iPhone
		{EDE03832-946A-4126-B552-FE0FAA037A1B}.Debug|x64.Deploy.0 = Debug|iPhone
		{EDE03832-946A-4126-B552-FE0FAA037A1B}.Debug|x86.ActiveCfg = Debug|iPhone
		{EDE03832-946A-4126-B552-FE0FAA037A1B}.Debug|x86.Build.0 = Debug|iPhone
		{EDE03832-946A-4126-B552-FE0FAA037A1B}.Debug|x86.Deploy.0 = Debug|iPhone
		{EDE03832-946A-4126-B552-FE0FAA037A1B}.Release|Any CPU.ActiveCfg = Release|iPhone
		{EDE03832-946A-4126-B552-FE0FAA037A1B}.Release|Any CPU.Build.0 = Release|iPhone
		{EDE03832-946A-4126-B552-FE0FAA037A1B}.Release|Any CPU.Deploy.0 = Release|iPhone
		{EDE03832-946A-4126-B552-FE0FAA037A1B}.Release|ARM.ActiveCfg = Release|iPhone
		{EDE03832-946A-4126-B552-FE0FAA037A1B}.Release|ARM.Build.0 = Release|iPhone
		{EDE03832-946A-4126-B552-FE0FAA037A1B}.Release|ARM.Deploy.0 = Release|iPhone
		{EDE03832-946A-4126-B552-FE0FAA037A1B}.Release|iPhone.ActiveCfg = Release|iPhone
		{EDE03832-946A-4126-B552-FE0FAA037A1B}.Release|iPhone.Build.0 = Release|iPhone
		{EDE03832-946A-4126-B552-FE0FAA037A1B}.Release|iPhone.Deploy.0 = Release|iPhone
		{EDE03832-946A-4126-B552-FE0FAA037A1B}.Release|iPhoneSimulator.ActiveCfg = Release|iPhoneSimulator
		{EDE03832-946A-4126-B552-FE0FAA037A1B}.Release|iPhoneSimulator.Build.0 = Release|iPhoneSimulator
		{EDE03832-946A-4126-B552-FE0FAA037A1B}.Release|iPhoneSimulator.Deploy.0 = Release|iPhoneSimulator
		{EDE03832-946A-4126-B552-FE0FAA037A1B}.Release|x64.ActiveCfg = Release|iPhone
		{EDE03832-946A-4126-B552-FE0FAA037A1B}.Release|x64.Build.0 = Release|iPhone
		{EDE03832-946A-4126-B552-FE0FAA037A1B}.Release|x64.Deploy.0 = Release|iPhone
		{EDE03832-946A-4126-B552-FE0FAA037A1B}.Release|x86.ActiveCfg = Release|iPhone
		{EDE03832-946A-4126-B552-FE0FAA037A1B}.Release|x86.Build.0 = Release|iPhone
		{EDE03832-946A-4126-B552-FE0FAA037A1B}.Release|x86.Deploy.0 = Release|iPhone
		{33ADAA64-A132-480D-9D7F-5956D1E8EB65}.Ad-Hoc|Any CPU.ActiveCfg = Debug|Any CPU
		{33ADAA64-A132-480D-9D7F-5956D1E8EB65}.Ad-Hoc|Any CPU.Build.0 = Debug|Any CPU
		{33ADAA64-A132-480D-9D7F-5956D1E8EB65}.Ad-Hoc|Any CPU.Deploy.0 = Debug|Any CPU
		{33ADAA64-A132-480D-9D7F-5956D1E8EB65}.Ad-Hoc|ARM.ActiveCfg = Debug|Any CPU
		{33ADAA64-A132-480D-9D7F-5956D1E8EB65}.Ad-Hoc|ARM.Build.0 = Debug|Any CPU
		{33ADAA64-A132-480D-9D7F-5956D1E8EB65}.Ad-Hoc|ARM.Deploy.0 = Debug|Any CPU
		{33ADAA64-A132-480D-9D7F-5956D1E8EB65}.Ad-Hoc|iPhone.ActiveCfg = Debug|Any CPU
		{33ADAA64-A132-480D-9D7F-5956D1E8EB65}.Ad-Hoc|iPhone.Build.0 = Debug|Any CPU
		{33ADAA64-A132-480D-9D7F-5956D1E8EB65}.Ad-Hoc|iPhone.Deploy.0 = Debug|Any CPU
		{33ADAA64-A132-480D-9D7F-5956D1E8EB65}.Ad-Hoc|iPhoneSimulator.ActiveCfg = Debug|Any CPU
		{33ADAA64-A132-480D-9D7F-5956D1E8EB65}.Ad-Hoc|iPhoneSimulator.Build.0 = Debug|Any CPU
		{33ADAA64-A132-480D-9D7F-5956D1E8EB65}.Ad-Hoc|iPhoneSimulator.Deploy.0 = Debug|Any CPU
		{33ADAA64-A132-480D-9D7F-5956D1E8EB65}.Ad-Hoc|x64.ActiveCfg = Debug|Any CPU
		{33ADAA64-A132-480D-9D7F-5956D1E8EB65}.Ad-Hoc|x64.Build.0 = Debug|Any CPU
		{33ADAA64-A132-480D-9D7F-5956D1E8EB65}.Ad-Hoc|x64.Deploy.0 = Debug|Any CPU
		{33ADAA64-A132-480D-9D7F-5956D1E8EB65}.Ad-Hoc|x86.ActiveCfg = Debug|Any CPU
		{33ADAA64-A132-480D-9D7F-5956D1E8EB65}.Ad-Hoc|x86.Build.0 = Debug|Any CPU
		{33ADAA64-A132-480D-9D7F-5956D1E8EB65}.Ad-Hoc|x86.Deploy.0 = Debug|Any CPU
		{33ADAA64-A132-480D-9D7F-5956D1E8EB65}.AppStore|Any CPU.ActiveCfg = Debug|Any CPU
		{33ADAA64-A132-480D-9D7F-5956D1E8EB65}.AppStore|Any CPU.Build.0 = Debug|Any CPU
		{33ADAA64-A132-480D-9D7F-5956D1E8EB65}.AppStore|Any CPU.Deploy.0 = Debug|Any CPU
		{33ADAA64-A132-480D-9D7F-5956D1E8EB65}.AppStore|ARM.ActiveCfg = Debug|Any CPU
		{33ADAA64-A132-480D-9D7F-5956D1E8EB65}.AppStore|ARM.Build.0 = Debug|Any CPU
		{33ADAA64-A132-480D-9D7F-5956D1E8EB65}.AppStore|ARM.Deploy.0 = Debug|Any CPU
		{33ADAA64-A132-480D-9D7F-5956D1E8EB65}.AppStore|iPhone.ActiveCfg = Debug|Any CPU
		{33ADAA64-A132-480D-9D7F-5956D1E8EB65}.AppStore|iPhone.Build.0 = Debug|Any CPU
		{33ADAA64-A132-480D-9D7F-5956D1E8EB65}.AppStore|iPhone.Deploy.0 = Debug|Any CPU
		{33ADAA64-A132-480D-9D7F-5956D1E8EB65}.AppStore|iPhoneSimulator.ActiveCfg = Debug|Any CPU
		{33ADAA64-A132-480D-9D7F-5956D1E8EB65}.AppStore|iPhoneSimulator.Build.0 = Debug|Any CPU
		{33ADAA64-A132-480D-9D7F-5956D1E8EB65}.AppStore|iPhoneSimulator.Deploy.0 = Debug|Any CPU
		{33ADAA64-A132-480D-9D7F-5956D1E8EB65}.AppStore|x64.ActiveCfg = Debug|Any CPU
		{33ADAA64-A132-480D-9D7F-5956D1E8EB65}.AppStore|x64.Build.0 = Debug|Any CPU
		{33ADAA64-A132-480D-9D7F-5956D1E8EB65}.AppStore|x64.Deploy.0 = Debug|Any CPU
		{33ADAA64-A132-480D-9D7F-5956D1E8EB65}.AppStore|x86.ActiveCfg = Debug|Any CPU
		{33ADAA64-A132-480D-9D7F-5956D1E8EB65}.AppStore|x86.Build.0 = Debug|Any CPU
		{33ADAA64-A132-480D-9D7F-5956D1E8EB65}.AppStore|x86.Deploy.0 = Debug|Any CPU
		{33ADAA64-A132-480D-9D7F-5956D1E8EB65}.Debug|Any CPU.ActiveCfg = Debug|Any CPU
		{33ADAA64-A132-480D-9D7F-5956D1E8EB65}.Debug|Any CPU.Build.0 = Debug|Any CPU
		{33ADAA64-A132-480D-9D7F-5956D1E8EB65}.Debug|Any CPU.Deploy.0 = Debug|Any CPU
		{33ADAA64-A132-480D-9D7F-5956D1E8EB65}.Debug|ARM.ActiveCfg = Debug|Any CPU
		{33ADAA64-A132-480D-9D7F-5956D1E8EB65}.Debug|ARM.Build.0 = Debug|Any CPU
		{33ADAA64-A132-480D-9D7F-5956D1E8EB65}.Debug|ARM.Deploy.0 = Debug|Any CPU
		{33ADAA64-A132-480D-9D7F-5956D1E8EB65}.Debug|iPhone.ActiveCfg = Debug|Any CPU
		{33ADAA64-A132-480D-9D7F-5956D1E8EB65}.Debug|iPhone.Build.0 = Debug|Any CPU
		{33ADAA64-A132-480D-9D7F-5956D1E8EB65}.Debug|iPhone.Deploy.0 = Debug|Any CPU
		{33ADAA64-A132-480D-9D7F-5956D1E8EB65}.Debug|iPhoneSimulator.ActiveCfg = Debug|Any CPU
		{33ADAA64-A132-480D-9D7F-5956D1E8EB65}.Debug|iPhoneSimulator.Build.0 = Debug|Any CPU
		{33ADAA64-A132-480D-9D7F-5956D1E8EB65}.Debug|iPhoneSimulator.Deploy.0 = Debug|Any CPU
		{33ADAA64-A132-480D-9D7F-5956D1E8EB65}.Debug|x64.ActiveCfg = Debug|Any CPU
		{33ADAA64-A132-480D-9D7F-5956D1E8EB65}.Debug|x64.Build.0 = Debug|Any CPU
		{33ADAA64-A132-480D-9D7F-5956D1E8EB65}.Debug|x64.Deploy.0 = Debug|Any CPU
		{33ADAA64-A132-480D-9D7F-5956D1E8EB65}.Debug|x86.ActiveCfg = Debug|Any CPU
		{33ADAA64-A132-480D-9D7F-5956D1E8EB65}.Debug|x86.Build.0 = Debug|Any CPU
		{33ADAA64-A132-480D-9D7F-5956D1E8EB65}.Debug|x86.Deploy.0 = Debug|Any CPU
		{33ADAA64-A132-480D-9D7F-5956D1E8EB65}.Release|Any CPU.ActiveCfg = Release|Any CPU
		{33ADAA64-A132-480D-9D7F-5956D1E8EB65}.Release|Any CPU.Build.0 = Release|Any CPU
		{33ADAA64-A132-480D-9D7F-5956D1E8EB65}.Release|Any CPU.Deploy.0 = Release|Any CPU
		{33ADAA64-A132-480D-9D7F-5956D1E8EB65}.Release|ARM.ActiveCfg = Release|Any CPU
		{33ADAA64-A132-480D-9D7F-5956D1E8EB65}.Release|ARM.Build.0 = Release|Any CPU
		{33ADAA64-A132-480D-9D7F-5956D1E8EB65}.Release|ARM.Deploy.0 = Release|Any CPU
		{33ADAA64-A132-480D-9D7F-5956D1E8EB65}.Release|iPhone.ActiveCfg = Release|Any CPU
		{33ADAA64-A132-480D-9D7F-5956D1E8EB65}.Release|iPhone.Build.0 = Release|Any CPU
		{33ADAA64-A132-480D-9D7F-5956D1E8EB65}.Release|iPhone.Deploy.0 = Release|Any CPU
		{33ADAA64-A132-480D-9D7F-5956D1E8EB65}.Release|iPhoneSimulator.ActiveCfg = Release|Any CPU
		{33ADAA64-A132-480D-9D7F-5956D1E8EB65}.Release|iPhoneSimulator.Build.0 = Release|Any CPU
		{33ADAA64-A132-480D-9D7F-5956D1E8EB65}.Release|iPhoneSimulator.Deploy.0 = Release|Any CPU
		{33ADAA64-A132-480D-9D7F-5956D1E8EB65}.Release|x64.ActiveCfg = Release|Any CPU
		{33ADAA64-A132-480D-9D7F-5956D1E8EB65}.Release|x64.Build.0 = Release|Any CPU
		{33ADAA64-A132-480D-9D7F-5956D1E8EB65}.Release|x64.Deploy.0 = Release|Any CPU
		{33ADAA64-A132-480D-9D7F-5956D1E8EB65}.Release|x86.ActiveCfg = Release|Any CPU
		{33ADAA64-A132-480D-9D7F-5956D1E8EB65}.Release|x86.Build.0 = Release|Any CPU
		{33ADAA64-A132-480D-9D7F-5956D1E8EB65}.Release|x86.Deploy.0 = Release|Any CPU
		{F3D0E048-2843-47E0-9C1D-727B3D5325B0}.Ad-Hoc|Any CPU.ActiveCfg = Release|Any CPU
		{F3D0E048-2843-47E0-9C1D-727B3D5325B0}.Ad-Hoc|Any CPU.Build.0 = Release|Any CPU
		{F3D0E048-2843-47E0-9C1D-727B3D5325B0}.Ad-Hoc|ARM.ActiveCfg = Release|Any CPU
		{F3D0E048-2843-47E0-9C1D-727B3D5325B0}.Ad-Hoc|ARM.Build.0 = Release|Any CPU
		{F3D0E048-2843-47E0-9C1D-727B3D5325B0}.Ad-Hoc|iPhone.ActiveCfg = Release|Any CPU
		{F3D0E048-2843-47E0-9C1D-727B3D5325B0}.Ad-Hoc|iPhone.Build.0 = Release|Any CPU
		{F3D0E048-2843-47E0-9C1D-727B3D5325B0}.Ad-Hoc|iPhoneSimulator.ActiveCfg = Release|Any CPU
		{F3D0E048-2843-47E0-9C1D-727B3D5325B0}.Ad-Hoc|iPhoneSimulator.Build.0 = Release|Any CPU
		{F3D0E048-2843-47E0-9C1D-727B3D5325B0}.Ad-Hoc|x64.ActiveCfg = Release|Any CPU
		{F3D0E048-2843-47E0-9C1D-727B3D5325B0}.Ad-Hoc|x64.Build.0 = Release|Any CPU
		{F3D0E048-2843-47E0-9C1D-727B3D5325B0}.Ad-Hoc|x86.ActiveCfg = Release|Any CPU
		{F3D0E048-2843-47E0-9C1D-727B3D5325B0}.Ad-Hoc|x86.Build.0 = Release|Any CPU
		{F3D0E048-2843-47E0-9C1D-727B3D5325B0}.AppStore|Any CPU.ActiveCfg = Release|Any CPU
		{F3D0E048-2843-47E0-9C1D-727B3D5325B0}.AppStore|Any CPU.Build.0 = Release|Any CPU
		{F3D0E048-2843-47E0-9C1D-727B3D5325B0}.AppStore|ARM.ActiveCfg = Release|Any CPU
		{F3D0E048-2843-47E0-9C1D-727B3D5325B0}.AppStore|ARM.Build.0 = Release|Any CPU
		{F3D0E048-2843-47E0-9C1D-727B3D5325B0}.AppStore|iPhone.ActiveCfg = Release|Any CPU
		{F3D0E048-2843-47E0-9C1D-727B3D5325B0}.AppStore|iPhone.Build.0 = Release|Any CPU
		{F3D0E048-2843-47E0-9C1D-727B3D5325B0}.AppStore|iPhoneSimulator.ActiveCfg = Release|Any CPU
		{F3D0E048-2843-47E0-9C1D-727B3D5325B0}.AppStore|iPhoneSimulator.Build.0 = Release|Any CPU
		{F3D0E048-2843-47E0-9C1D-727B3D5325B0}.AppStore|x64.ActiveCfg = Release|Any CPU
		{F3D0E048-2843-47E0-9C1D-727B3D5325B0}.AppStore|x64.Build.0 = Release|Any CPU
		{F3D0E048-2843-47E0-9C1D-727B3D5325B0}.AppStore|x86.ActiveCfg = Release|Any CPU
		{F3D0E048-2843-47E0-9C1D-727B3D5325B0}.AppStore|x86.Build.0 = Release|Any CPU
		{F3D0E048-2843-47E0-9C1D-727B3D5325B0}.Debug|Any CPU.ActiveCfg = Debug|Any CPU
		{F3D0E048-2843-47E0-9C1D-727B3D5325B0}.Debug|Any CPU.Build.0 = Debug|Any CPU
		{F3D0E048-2843-47E0-9C1D-727B3D5325B0}.Debug|ARM.ActiveCfg = Debug|Any CPU
		{F3D0E048-2843-47E0-9C1D-727B3D5325B0}.Debug|ARM.Build.0 = Debug|Any CPU
		{F3D0E048-2843-47E0-9C1D-727B3D5325B0}.Debug|iPhone.ActiveCfg = Debug|Any CPU
		{F3D0E048-2843-47E0-9C1D-727B3D5325B0}.Debug|iPhone.Build.0 = Debug|Any CPU
		{F3D0E048-2843-47E0-9C1D-727B3D5325B0}.Debug|iPhoneSimulator.ActiveCfg = Debug|Any CPU
		{F3D0E048-2843-47E0-9C1D-727B3D5325B0}.Debug|iPhoneSimulator.Build.0 = Debug|Any CPU
		{F3D0E048-2843-47E0-9C1D-727B3D5325B0}.Debug|x64.ActiveCfg = Debug|Any CPU
		{F3D0E048-2843-47E0-9C1D-727B3D5325B0}.Debug|x64.Build.0 = Debug|Any CPU
		{F3D0E048-2843-47E0-9C1D-727B3D5325B0}.Debug|x86.ActiveCfg = Debug|Any CPU
		{F3D0E048-2843-47E0-9C1D-727B3D5325B0}.Debug|x86.Build.0 = Debug|Any CPU
		{F3D0E048-2843-47E0-9C1D-727B3D5325B0}.Release|Any CPU.ActiveCfg = Release|Any CPU
		{F3D0E048-2843-47E0-9C1D-727B3D5325B0}.Release|Any CPU.Build.0 = Release|Any CPU
		{F3D0E048-2843-47E0-9C1D-727B3D5325B0}.Release|ARM.ActiveCfg = Release|Any CPU
		{F3D0E048-2843-47E0-9C1D-727B3D5325B0}.Release|ARM.Build.0 = Release|Any CPU
		{F3D0E048-2843-47E0-9C1D-727B3D5325B0}.Release|iPhone.ActiveCfg = Release|Any CPU
		{F3D0E048-2843-47E0-9C1D-727B3D5325B0}.Release|iPhone.Build.0 = Release|Any CPU
		{F3D0E048-2843-47E0-9C1D-727B3D5325B0}.Release|iPhoneSimulator.ActiveCfg = Release|Any CPU
		{F3D0E048-2843-47E0-9C1D-727B3D5325B0}.Release|iPhoneSimulator.Build.0 = Release|Any CPU
		{F3D0E048-2843-47E0-9C1D-727B3D5325B0}.Release|x64.ActiveCfg = Release|Any CPU
		{F3D0E048-2843-47E0-9C1D-727B3D5325B0}.Release|x64.Build.0 = Release|Any CPU
		{F3D0E048-2843-47E0-9C1D-727B3D5325B0}.Release|x86.ActiveCfg = Release|Any CPU
		{F3D0E048-2843-47E0-9C1D-727B3D5325B0}.Release|x86.Build.0 = Release|Any CPU
		{DA981965-4DAA-4897-B27E-85917BF9139B}.Ad-Hoc|Any CPU.ActiveCfg = Release|Any CPU
		{DA981965-4DAA-4897-B27E-85917BF9139B}.Ad-Hoc|Any CPU.Build.0 = Release|Any CPU
		{DA981965-4DAA-4897-B27E-85917BF9139B}.Ad-Hoc|ARM.ActiveCfg = Release|Any CPU
		{DA981965-4DAA-4897-B27E-85917BF9139B}.Ad-Hoc|ARM.Build.0 = Release|Any CPU
		{DA981965-4DAA-4897-B27E-85917BF9139B}.Ad-Hoc|iPhone.ActiveCfg = Release|Any CPU
		{DA981965-4DAA-4897-B27E-85917BF9139B}.Ad-Hoc|iPhone.Build.0 = Release|Any CPU
		{DA981965-4DAA-4897-B27E-85917BF9139B}.Ad-Hoc|iPhoneSimulator.ActiveCfg = Release|Any CPU
		{DA981965-4DAA-4897-B27E-85917BF9139B}.Ad-Hoc|iPhoneSimulator.Build.0 = Release|Any CPU
		{DA981965-4DAA-4897-B27E-85917BF9139B}.Ad-Hoc|x64.ActiveCfg = Release|Any CPU
		{DA981965-4DAA-4897-B27E-85917BF9139B}.Ad-Hoc|x64.Build.0 = Release|Any CPU
		{DA981965-4DAA-4897-B27E-85917BF9139B}.Ad-Hoc|x86.ActiveCfg = Release|Any CPU
		{DA981965-4DAA-4897-B27E-85917BF9139B}.Ad-Hoc|x86.Build.0 = Release|Any CPU
		{DA981965-4DAA-4897-B27E-85917BF9139B}.AppStore|Any CPU.ActiveCfg = Release|Any CPU
		{DA981965-4DAA-4897-B27E-85917BF9139B}.AppStore|Any CPU.Build.0 = Release|Any CPU
		{DA981965-4DAA-4897-B27E-85917BF9139B}.AppStore|ARM.ActiveCfg = Release|Any CPU
		{DA981965-4DAA-4897-B27E-85917BF9139B}.AppStore|ARM.Build.0 = Release|Any CPU
		{DA981965-4DAA-4897-B27E-85917BF9139B}.AppStore|iPhone.ActiveCfg = Release|Any CPU
		{DA981965-4DAA-4897-B27E-85917BF9139B}.AppStore|iPhone.Build.0 = Release|Any CPU
		{DA981965-4DAA-4897-B27E-85917BF9139B}.AppStore|iPhoneSimulator.ActiveCfg = Release|Any CPU
		{DA981965-4DAA-4897-B27E-85917BF9139B}.AppStore|iPhoneSimulator.Build.0 = Release|Any CPU
		{DA981965-4DAA-4897-B27E-85917BF9139B}.AppStore|x64.ActiveCfg = Release|Any CPU
		{DA981965-4DAA-4897-B27E-85917BF9139B}.AppStore|x64.Build.0 = Release|Any CPU
		{DA981965-4DAA-4897-B27E-85917BF9139B}.AppStore|x86.ActiveCfg = Release|Any CPU
		{DA981965-4DAA-4897-B27E-85917BF9139B}.AppStore|x86.Build.0 = Release|Any CPU
		{DA981965-4DAA-4897-B27E-85917BF9139B}.Debug|Any CPU.ActiveCfg = Debug|Any CPU
		{DA981965-4DAA-4897-B27E-85917BF9139B}.Debug|Any CPU.Build.0 = Debug|Any CPU
		{DA981965-4DAA-4897-B27E-85917BF9139B}.Debug|ARM.ActiveCfg = Debug|Any CPU
		{DA981965-4DAA-4897-B27E-85917BF9139B}.Debug|ARM.Build.0 = Debug|Any CPU
		{DA981965-4DAA-4897-B27E-85917BF9139B}.Debug|iPhone.ActiveCfg = Debug|Any CPU
		{DA981965-4DAA-4897-B27E-85917BF9139B}.Debug|iPhone.Build.0 = Debug|Any CPU
		{DA981965-4DAA-4897-B27E-85917BF9139B}.Debug|iPhoneSimulator.ActiveCfg = Debug|Any CPU
		{DA981965-4DAA-4897-B27E-85917BF9139B}.Debug|iPhoneSimulator.Build.0 = Debug|Any CPU
		{DA981965-4DAA-4897-B27E-85917BF9139B}.Debug|x64.ActiveCfg = Debug|Any CPU
		{DA981965-4DAA-4897-B27E-85917BF9139B}.Debug|x64.Build.0 = Debug|Any CPU
		{DA981965-4DAA-4897-B27E-85917BF9139B}.Debug|x86.ActiveCfg = Debug|Any CPU
		{DA981965-4DAA-4897-B27E-85917BF9139B}.Debug|x86.Build.0 = Debug|Any CPU
		{DA981965-4DAA-4897-B27E-85917BF9139B}.Release|Any CPU.ActiveCfg = Release|Any CPU
		{DA981965-4DAA-4897-B27E-85917BF9139B}.Release|Any CPU.Build.0 = Release|Any CPU
		{DA981965-4DAA-4897-B27E-85917BF9139B}.Release|ARM.ActiveCfg = Release|Any CPU
		{DA981965-4DAA-4897-B27E-85917BF9139B}.Release|ARM.Build.0 = Release|Any CPU
		{DA981965-4DAA-4897-B27E-85917BF9139B}.Release|iPhone.ActiveCfg = Release|Any CPU
		{DA981965-4DAA-4897-B27E-85917BF9139B}.Release|iPhone.Build.0 = Release|Any CPU
		{DA981965-4DAA-4897-B27E-85917BF9139B}.Release|iPhoneSimulator.ActiveCfg = Release|Any CPU
		{DA981965-4DAA-4897-B27E-85917BF9139B}.Release|iPhoneSimulator.Build.0 = Release|Any CPU
		{DA981965-4DAA-4897-B27E-85917BF9139B}.Release|x64.ActiveCfg = Release|Any CPU
		{DA981965-4DAA-4897-B27E-85917BF9139B}.Release|x64.Build.0 = Release|Any CPU
		{DA981965-4DAA-4897-B27E-85917BF9139B}.Release|x86.ActiveCfg = Release|Any CPU
		{DA981965-4DAA-4897-B27E-85917BF9139B}.Release|x86.Build.0 = Release|Any CPU
		{69896241-464F-4350-80D6-5891829B2F0A}.Ad-Hoc|Any CPU.ActiveCfg = Release|Any CPU
		{69896241-464F-4350-80D6-5891829B2F0A}.Ad-Hoc|Any CPU.Build.0 = Release|Any CPU
		{69896241-464F-4350-80D6-5891829B2F0A}.Ad-Hoc|ARM.ActiveCfg = Release|Any CPU
		{69896241-464F-4350-80D6-5891829B2F0A}.Ad-Hoc|ARM.Build.0 = Release|Any CPU
		{69896241-464F-4350-80D6-5891829B2F0A}.Ad-Hoc|iPhone.ActiveCfg = Release|Any CPU
		{69896241-464F-4350-80D6-5891829B2F0A}.Ad-Hoc|iPhone.Build.0 = Release|Any CPU
		{69896241-464F-4350-80D6-5891829B2F0A}.Ad-Hoc|iPhoneSimulator.ActiveCfg = Release|Any CPU
		{69896241-464F-4350-80D6-5891829B2F0A}.Ad-Hoc|iPhoneSimulator.Build.0 = Release|Any CPU
		{69896241-464F-4350-80D6-5891829B2F0A}.Ad-Hoc|x64.ActiveCfg = Release|Any CPU
		{69896241-464F-4350-80D6-5891829B2F0A}.Ad-Hoc|x64.Build.0 = Release|Any CPU
		{69896241-464F-4350-80D6-5891829B2F0A}.Ad-Hoc|x86.ActiveCfg = Release|Any CPU
		{69896241-464F-4350-80D6-5891829B2F0A}.Ad-Hoc|x86.Build.0 = Release|Any CPU
		{69896241-464F-4350-80D6-5891829B2F0A}.AppStore|Any CPU.ActiveCfg = Release|Any CPU
		{69896241-464F-4350-80D6-5891829B2F0A}.AppStore|Any CPU.Build.0 = Release|Any CPU
		{69896241-464F-4350-80D6-5891829B2F0A}.AppStore|ARM.ActiveCfg = Release|Any CPU
		{69896241-464F-4350-80D6-5891829B2F0A}.AppStore|ARM.Build.0 = Release|Any CPU
		{69896241-464F-4350-80D6-5891829B2F0A}.AppStore|iPhone.ActiveCfg = Release|Any CPU
		{69896241-464F-4350-80D6-5891829B2F0A}.AppStore|iPhone.Build.0 = Release|Any CPU
		{69896241-464F-4350-80D6-5891829B2F0A}.AppStore|iPhoneSimulator.ActiveCfg = Release|Any CPU
		{69896241-464F-4350-80D6-5891829B2F0A}.AppStore|iPhoneSimulator.Build.0 = Release|Any CPU
		{69896241-464F-4350-80D6-5891829B2F0A}.AppStore|x64.ActiveCfg = Release|Any CPU
		{69896241-464F-4350-80D6-5891829B2F0A}.AppStore|x64.Build.0 = Release|Any CPU
		{69896241-464F-4350-80D6-5891829B2F0A}.AppStore|x86.ActiveCfg = Release|Any CPU
		{69896241-464F-4350-80D6-5891829B2F0A}.AppStore|x86.Build.0 = Release|Any CPU
		{69896241-464F-4350-80D6-5891829B2F0A}.Debug|Any CPU.ActiveCfg = Debug|Any CPU
		{69896241-464F-4350-80D6-5891829B2F0A}.Debug|Any CPU.Build.0 = Debug|Any CPU
		{69896241-464F-4350-80D6-5891829B2F0A}.Debug|ARM.ActiveCfg = Debug|Any CPU
		{69896241-464F-4350-80D6-5891829B2F0A}.Debug|ARM.Build.0 = Debug|Any CPU
		{69896241-464F-4350-80D6-5891829B2F0A}.Debug|iPhone.ActiveCfg = Debug|Any CPU
		{69896241-464F-4350-80D6-5891829B2F0A}.Debug|iPhone.Build.0 = Debug|Any CPU
		{69896241-464F-4350-80D6-5891829B2F0A}.Debug|iPhoneSimulator.ActiveCfg = Debug|Any CPU
		{69896241-464F-4350-80D6-5891829B2F0A}.Debug|iPhoneSimulator.Build.0 = Debug|Any CPU
		{69896241-464F-4350-80D6-5891829B2F0A}.Debug|x64.ActiveCfg = Debug|Any CPU
		{69896241-464F-4350-80D6-5891829B2F0A}.Debug|x64.Build.0 = Debug|Any CPU
		{69896241-464F-4350-80D6-5891829B2F0A}.Debug|x86.ActiveCfg = Debug|Any CPU
		{69896241-464F-4350-80D6-5891829B2F0A}.Debug|x86.Build.0 = Debug|Any CPU
		{69896241-464F-4350-80D6-5891829B2F0A}.Release|Any CPU.ActiveCfg = Release|Any CPU
		{69896241-464F-4350-80D6-5891829B2F0A}.Release|Any CPU.Build.0 = Release|Any CPU
		{69896241-464F-4350-80D6-5891829B2F0A}.Release|ARM.ActiveCfg = Release|Any CPU
		{69896241-464F-4350-80D6-5891829B2F0A}.Release|ARM.Build.0 = Release|Any CPU
		{69896241-464F-4350-80D6-5891829B2F0A}.Release|iPhone.ActiveCfg = Release|Any CPU
		{69896241-464F-4350-80D6-5891829B2F0A}.Release|iPhone.Build.0 = Release|Any CPU
		{69896241-464F-4350-80D6-5891829B2F0A}.Release|iPhoneSimulator.ActiveCfg = Release|Any CPU
		{69896241-464F-4350-80D6-5891829B2F0A}.Release|iPhoneSimulator.Build.0 = Release|Any CPU
		{69896241-464F-4350-80D6-5891829B2F0A}.Release|x64.ActiveCfg = Release|Any CPU
		{69896241-464F-4350-80D6-5891829B2F0A}.Release|x64.Build.0 = Release|Any CPU
		{69896241-464F-4350-80D6-5891829B2F0A}.Release|x86.ActiveCfg = Release|Any CPU
		{69896241-464F-4350-80D6-5891829B2F0A}.Release|x86.Build.0 = Release|Any CPU
		{848DA0D4-EF4F-4C25-9553-D7E9727E7778}.Ad-Hoc|Any CPU.ActiveCfg = Release|Any CPU
		{848DA0D4-EF4F-4C25-9553-D7E9727E7778}.Ad-Hoc|Any CPU.Build.0 = Release|Any CPU
		{848DA0D4-EF4F-4C25-9553-D7E9727E7778}.Ad-Hoc|ARM.ActiveCfg = Release|Any CPU
		{848DA0D4-EF4F-4C25-9553-D7E9727E7778}.Ad-Hoc|ARM.Build.0 = Release|Any CPU
		{848DA0D4-EF4F-4C25-9553-D7E9727E7778}.Ad-Hoc|iPhone.ActiveCfg = Release|Any CPU
		{848DA0D4-EF4F-4C25-9553-D7E9727E7778}.Ad-Hoc|iPhone.Build.0 = Release|Any CPU
		{848DA0D4-EF4F-4C25-9553-D7E9727E7778}.Ad-Hoc|iPhoneSimulator.ActiveCfg = Release|Any CPU
		{848DA0D4-EF4F-4C25-9553-D7E9727E7778}.Ad-Hoc|iPhoneSimulator.Build.0 = Release|Any CPU
		{848DA0D4-EF4F-4C25-9553-D7E9727E7778}.Ad-Hoc|x64.ActiveCfg = Release|Any CPU
		{848DA0D4-EF4F-4C25-9553-D7E9727E7778}.Ad-Hoc|x64.Build.0 = Release|Any CPU
		{848DA0D4-EF4F-4C25-9553-D7E9727E7778}.Ad-Hoc|x86.ActiveCfg = Release|Any CPU
		{848DA0D4-EF4F-4C25-9553-D7E9727E7778}.Ad-Hoc|x86.Build.0 = Release|Any CPU
		{848DA0D4-EF4F-4C25-9553-D7E9727E7778}.AppStore|Any CPU.ActiveCfg = Release|Any CPU
		{848DA0D4-EF4F-4C25-9553-D7E9727E7778}.AppStore|Any CPU.Build.0 = Release|Any CPU
		{848DA0D4-EF4F-4C25-9553-D7E9727E7778}.AppStore|ARM.ActiveCfg = Release|Any CPU
		{848DA0D4-EF4F-4C25-9553-D7E9727E7778}.AppStore|ARM.Build.0 = Release|Any CPU
		{848DA0D4-EF4F-4C25-9553-D7E9727E7778}.AppStore|iPhone.ActiveCfg = Release|Any CPU
		{848DA0D4-EF4F-4C25-9553-D7E9727E7778}.AppStore|iPhone.Build.0 = Release|Any CPU
		{848DA0D4-EF4F-4C25-9553-D7E9727E7778}.AppStore|iPhoneSimulator.ActiveCfg = Release|Any CPU
		{848DA0D4-EF4F-4C25-9553-D7E9727E7778}.AppStore|iPhoneSimulator.Build.0 = Release|Any CPU
		{848DA0D4-EF4F-4C25-9553-D7E9727E7778}.AppStore|x64.ActiveCfg = Release|Any CPU
		{848DA0D4-EF4F-4C25-9553-D7E9727E7778}.AppStore|x64.Build.0 = Release|Any CPU
		{848DA0D4-EF4F-4C25-9553-D7E9727E7778}.AppStore|x86.ActiveCfg = Release|Any CPU
		{848DA0D4-EF4F-4C25-9553-D7E9727E7778}.AppStore|x86.Build.0 = Release|Any CPU
		{848DA0D4-EF4F-4C25-9553-D7E9727E7778}.Debug|Any CPU.ActiveCfg = Debug|Any CPU
		{848DA0D4-EF4F-4C25-9553-D7E9727E7778}.Debug|Any CPU.Build.0 = Debug|Any CPU
		{848DA0D4-EF4F-4C25-9553-D7E9727E7778}.Debug|ARM.ActiveCfg = Debug|Any CPU
		{848DA0D4-EF4F-4C25-9553-D7E9727E7778}.Debug|ARM.Build.0 = Debug|Any CPU
		{848DA0D4-EF4F-4C25-9553-D7E9727E7778}.Debug|iPhone.ActiveCfg = Debug|Any CPU
		{848DA0D4-EF4F-4C25-9553-D7E9727E7778}.Debug|iPhone.Build.0 = Debug|Any CPU
		{848DA0D4-EF4F-4C25-9553-D7E9727E7778}.Debug|iPhoneSimulator.ActiveCfg = Debug|Any CPU
		{848DA0D4-EF4F-4C25-9553-D7E9727E7778}.Debug|iPhoneSimulator.Build.0 = Debug|Any CPU
		{848DA0D4-EF4F-4C25-9553-D7E9727E7778}.Debug|x64.ActiveCfg = Debug|Any CPU
		{848DA0D4-EF4F-4C25-9553-D7E9727E7778}.Debug|x64.Build.0 = Debug|Any CPU
		{848DA0D4-EF4F-4C25-9553-D7E9727E7778}.Debug|x86.ActiveCfg = Debug|Any CPU
		{848DA0D4-EF4F-4C25-9553-D7E9727E7778}.Debug|x86.Build.0 = Debug|Any CPU
		{848DA0D4-EF4F-4C25-9553-D7E9727E7778}.Release|Any CPU.ActiveCfg = Release|Any CPU
		{848DA0D4-EF4F-4C25-9553-D7E9727E7778}.Release|Any CPU.Build.0 = Release|Any CPU
		{848DA0D4-EF4F-4C25-9553-D7E9727E7778}.Release|ARM.ActiveCfg = Release|Any CPU
		{848DA0D4-EF4F-4C25-9553-D7E9727E7778}.Release|ARM.Build.0 = Release|Any CPU
		{848DA0D4-EF4F-4C25-9553-D7E9727E7778}.Release|iPhone.ActiveCfg = Release|Any CPU
		{848DA0D4-EF4F-4C25-9553-D7E9727E7778}.Release|iPhone.Build.0 = Release|Any CPU
		{848DA0D4-EF4F-4C25-9553-D7E9727E7778}.Release|iPhoneSimulator.ActiveCfg = Release|Any CPU
		{848DA0D4-EF4F-4C25-9553-D7E9727E7778}.Release|iPhoneSimulator.Build.0 = Release|Any CPU
		{848DA0D4-EF4F-4C25-9553-D7E9727E7778}.Release|x64.ActiveCfg = Release|Any CPU
		{848DA0D4-EF4F-4C25-9553-D7E9727E7778}.Release|x64.Build.0 = Release|Any CPU
		{848DA0D4-EF4F-4C25-9553-D7E9727E7778}.Release|x86.ActiveCfg = Release|Any CPU
		{848DA0D4-EF4F-4C25-9553-D7E9727E7778}.Release|x86.Build.0 = Release|Any CPU
	EndGlobalSection
	GlobalSection(SolutionProperties) = preSolution
		HideSolutionNode = FALSE
	EndGlobalSection
	GlobalSection(ExtensibilityGlobals) = postSolution
		SolutionGuid = {EB0E0B76-4EEA-4885-A17F-D6B007822AB6}
	EndGlobalSection
EndGlobal
